// !$*UTF8*$!
{
	archiveVersion = 1;
	classes = {
	};
	objectVersion = 56;
	objects = {

/* Begin PBXBuildFile section */
		A4009D3028E7F25600E5FFEE /* NerderyApp.swift in Sources */ = {isa = PBXBuildFile; fileRef = A4009D2F28E7F25600E5FFEE /* NerderyApp.swift */; };
		A4009D3228E7F25600E5FFEE /* MainTabView.swift in Sources */ = {isa = PBXBuildFile; fileRef = A4009D3128E7F25600E5FFEE /* MainTabView.swift */; };
		A4009D3428E7F25700E5FFEE /* Assets.xcassets in Resources */ = {isa = PBXBuildFile; fileRef = A4009D3328E7F25700E5FFEE /* Assets.xcassets */; };
		A4009D3728E7F25700E5FFEE /* Preview Assets.xcassets in Resources */ = {isa = PBXBuildFile; fileRef = A4009D3628E7F25700E5FFEE /* Preview Assets.xcassets */; };
		A4009D4128E7F60100E5FFEE /* Profile.swift in Sources */ = {isa = PBXBuildFile; fileRef = A4009D4028E7F60100E5FFEE /* Profile.swift */; };
		A4009D4328E7F64F00E5FFEE /* ModuleList.swift in Sources */ = {isa = PBXBuildFile; fileRef = A4009D4228E7F64F00E5FFEE /* ModuleList.swift */; };
		A4009D4528E7F66400E5FFEE /* SearchView.swift in Sources */ = {isa = PBXBuildFile; fileRef = A4009D4428E7F66400E5FFEE /* SearchView.swift */; };
		A4009D4B28E7F8DB00E5FFEE /* LoginView.swift in Sources */ = {isa = PBXBuildFile; fileRef = A4009D4A28E7F8DB00E5FFEE /* LoginView.swift */; };
		A4009D4D28E7F96500E5FFEE /* LoginViewModel.swift in Sources */ = {isa = PBXBuildFile; fileRef = A4009D4C28E7F96500E5FFEE /* LoginViewModel.swift */; };
		A4009D4F28E7FA0D00E5FFEE /* ModuleListViewModel.swift in Sources */ = {isa = PBXBuildFile; fileRef = A4009D4E28E7FA0D00E5FFEE /* ModuleListViewModel.swift */; };
		A4009D5128E7FB2E00E5FFEE /* ProfileViewModel.swift in Sources */ = {isa = PBXBuildFile; fileRef = A4009D5028E7FB2E00E5FFEE /* ProfileViewModel.swift */; };
		A4009D5328E7FB3E00E5FFEE /* SearchViewModel.swift in Sources */ = {isa = PBXBuildFile; fileRef = A4009D5228E7FB3E00E5FFEE /* SearchViewModel.swift */; };
		A4009D5728E8000900E5FFEE /* ModuleDetail.swift in Sources */ = {isa = PBXBuildFile; fileRef = A4009D5628E8000900E5FFEE /* ModuleDetail.swift */; };
		A4009D5A28E8009F00E5FFEE /* WeekDetailViewModel.swift in Sources */ = {isa = PBXBuildFile; fileRef = A4009D5928E8009F00E5FFEE /* WeekDetailViewModel.swift */; };
		A4009D5C28E800D400E5FFEE /* WeekDetail.swift in Sources */ = {isa = PBXBuildFile; fileRef = A4009D5B28E800D400E5FFEE /* WeekDetail.swift */; };
		A4009D5E28E8011900E5FFEE /* ModuleDetailViewModel.swift in Sources */ = {isa = PBXBuildFile; fileRef = A4009D5D28E8011900E5FFEE /* ModuleDetailViewModel.swift */; };
		A4009D6128E8121F00E5FFEE /* ModuleDetailType.swift in Sources */ = {isa = PBXBuildFile; fileRef = A4009D6028E8121F00E5FFEE /* ModuleDetailType.swift */; };
		A4009D6528E814A900E5FFEE /* WeekDetailType.swift in Sources */ = {isa = PBXBuildFile; fileRef = A4009D6428E814A900E5FFEE /* WeekDetailType.swift */; };
		A4009D6828E8195700E5FFEE /* ThemeDetailViewModel.swift in Sources */ = {isa = PBXBuildFile; fileRef = A4009D6728E8195700E5FFEE /* ThemeDetailViewModel.swift */; };
		A4009D6A28E8199C00E5FFEE /* ThemeDetail.swift in Sources */ = {isa = PBXBuildFile; fileRef = A4009D6928E8199C00E5FFEE /* ThemeDetail.swift */; };
		B17D79DC28E82BA800C7915C /* URLSession+Extension.swift in Sources */ = {isa = PBXBuildFile; fileRef = B17D79DB28E82BA800C7915C /* URLSession+Extension.swift */; };
/* End PBXBuildFile section */

/* Begin PBXFileReference section */
		A4009D2C28E7F25600E5FFEE /* Nerdery.app */ = {isa = PBXFileReference; explicitFileType = wrapper.application; includeInIndex = 0; path = Nerdery.app; sourceTree = BUILT_PRODUCTS_DIR; };
		A4009D2F28E7F25600E5FFEE /* NerderyApp.swift */ = {isa = PBXFileReference; lastKnownFileType = sourcecode.swift; path = NerderyApp.swift; sourceTree = "<group>"; };
		A4009D3128E7F25600E5FFEE /* MainTabView.swift */ = {isa = PBXFileReference; lastKnownFileType = sourcecode.swift; path = MainTabView.swift; sourceTree = "<group>"; };
		A4009D3328E7F25700E5FFEE /* Assets.xcassets */ = {isa = PBXFileReference; lastKnownFileType = folder.assetcatalog; path = Assets.xcassets; sourceTree = "<group>"; };
		A4009D3628E7F25700E5FFEE /* Preview Assets.xcassets */ = {isa = PBXFileReference; lastKnownFileType = folder.assetcatalog; path = "Preview Assets.xcassets"; sourceTree = "<group>"; };
		A4009D4028E7F60100E5FFEE /* Profile.swift */ = {isa = PBXFileReference; lastKnownFileType = sourcecode.swift; path = Profile.swift; sourceTree = "<group>"; };
		A4009D4228E7F64F00E5FFEE /* ModuleList.swift */ = {isa = PBXFileReference; lastKnownFileType = sourcecode.swift; path = ModuleList.swift; sourceTree = "<group>"; };
		A4009D4428E7F66400E5FFEE /* SearchView.swift */ = {isa = PBXFileReference; lastKnownFileType = sourcecode.swift; path = SearchView.swift; sourceTree = "<group>"; };
		A4009D4A28E7F8DB00E5FFEE /* LoginView.swift */ = {isa = PBXFileReference; lastKnownFileType = sourcecode.swift; path = LoginView.swift; sourceTree = "<group>"; };
		A4009D4C28E7F96500E5FFEE /* LoginViewModel.swift */ = {isa = PBXFileReference; lastKnownFileType = sourcecode.swift; path = LoginViewModel.swift; sourceTree = "<group>"; };
		A4009D4E28E7FA0D00E5FFEE /* ModuleListViewModel.swift */ = {isa = PBXFileReference; lastKnownFileType = sourcecode.swift; path = ModuleListViewModel.swift; sourceTree = "<group>"; };
		A4009D5028E7FB2E00E5FFEE /* ProfileViewModel.swift */ = {isa = PBXFileReference; lastKnownFileType = sourcecode.swift; path = ProfileViewModel.swift; sourceTree = "<group>"; };
		A4009D5228E7FB3E00E5FFEE /* SearchViewModel.swift */ = {isa = PBXFileReference; lastKnownFileType = sourcecode.swift; path = SearchViewModel.swift; sourceTree = "<group>"; };
		A4009D5628E8000900E5FFEE /* ModuleDetail.swift */ = {isa = PBXFileReference; lastKnownFileType = sourcecode.swift; path = ModuleDetail.swift; sourceTree = "<group>"; };
		A4009D5928E8009F00E5FFEE /* WeekDetailViewModel.swift */ = {isa = PBXFileReference; lastKnownFileType = sourcecode.swift; path = WeekDetailViewModel.swift; sourceTree = "<group>"; };
		A4009D5B28E800D400E5FFEE /* WeekDetail.swift */ = {isa = PBXFileReference; lastKnownFileType = sourcecode.swift; path = WeekDetail.swift; sourceTree = "<group>"; };
		A4009D5D28E8011900E5FFEE /* ModuleDetailViewModel.swift */ = {isa = PBXFileReference; lastKnownFileType = sourcecode.swift; path = ModuleDetailViewModel.swift; sourceTree = "<group>"; };
		A4009D6028E8121F00E5FFEE /* ModuleDetailType.swift */ = {isa = PBXFileReference; lastKnownFileType = sourcecode.swift; path = ModuleDetailType.swift; sourceTree = "<group>"; };
		A4009D6428E814A900E5FFEE /* WeekDetailType.swift */ = {isa = PBXFileReference; lastKnownFileType = sourcecode.swift; path = WeekDetailType.swift; sourceTree = "<group>"; };
		A4009D6728E8195700E5FFEE /* ThemeDetailViewModel.swift */ = {isa = PBXFileReference; lastKnownFileType = sourcecode.swift; path = ThemeDetailViewModel.swift; sourceTree = "<group>"; };
		A4009D6928E8199C00E5FFEE /* ThemeDetail.swift */ = {isa = PBXFileReference; lastKnownFileType = sourcecode.swift; path = ThemeDetail.swift; sourceTree = "<group>"; };
		B17D79DB28E82BA800C7915C /* URLSession+Extension.swift */ = {isa = PBXFileReference; fileEncoding = 4; lastKnownFileType = sourcecode.swift; path = "URLSession+Extension.swift"; sourceTree = "<group>"; };
/* End PBXFileReference section */

/* Begin PBXFrameworksBuildPhase section */
		A4009D2928E7F25600E5FFEE /* Frameworks */ = {
			isa = PBXFrameworksBuildPhase;
			buildActionMask = 2147483647;
			files = (
			);
			runOnlyForDeploymentPostprocessing = 0;
		};
/* End PBXFrameworksBuildPhase section */

/* Begin PBXGroup section */
		A4009D2328E7F25600E5FFEE = {
			isa = PBXGroup;
			children = (
				A4009D2E28E7F25600E5FFEE /* Nerdery */,
				A4009D2D28E7F25600E5FFEE /* Products */,
			);
			sourceTree = "<group>";
		};
		A4009D2D28E7F25600E5FFEE /* Products */ = {
			isa = PBXGroup;
			children = (
				A4009D2C28E7F25600E5FFEE /* Nerdery.app */,
			);
			name = Products;
			sourceTree = "<group>";
		};
		A4009D2E28E7F25600E5FFEE /* Nerdery */ = {
			isa = PBXGroup;
			children = (
				B17D79DA28E82BA800C7915C /* Extensions */,
				A4009D2F28E7F25600E5FFEE /* NerderyApp.swift */,
				A4009D5428E7FBFA00E5FFEE /* Utilities */,
				A4009D4728E7F7BD00E5FFEE /* Modules */,
				A4009D4628E7F79200E5FFEE /* Network */,
				A4009D3328E7F25700E5FFEE /* Assets.xcassets */,
				A4009D3528E7F25700E5FFEE /* Preview Content */,
			);
			path = Nerdery;
			sourceTree = "<group>";
		};
		A4009D3528E7F25700E5FFEE /* Preview Content */ = {
			isa = PBXGroup;
			children = (
				A4009D3628E7F25700E5FFEE /* Preview Assets.xcassets */,
			);
			path = "Preview Content";
			sourceTree = "<group>";
		};
		A4009D3D28E7F3EA00E5FFEE /* Search */ = {
			isa = PBXGroup;
			children = (
				A4009D4428E7F66400E5FFEE /* SearchView.swift */,
				A4009D5228E7FB3E00E5FFEE /* SearchViewModel.swift */,
			);
			path = Search;
			sourceTree = "<group>";
		};
		A4009D3E28E7F57100E5FFEE /* Profile */ = {
			isa = PBXGroup;
			children = (
				A4009D4028E7F60100E5FFEE /* Profile.swift */,
				A4009D5028E7FB2E00E5FFEE /* ProfileViewModel.swift */,
			);
			path = Profile;
			sourceTree = "<group>";
		};
		A4009D3F28E7F57800E5FFEE /* Module */ = {
			isa = PBXGroup;
			children = (
				A4009D5F28E8023000E5FFEE /* ModuleList */,
				A4009D5528E7FFEF00E5FFEE /* ModuleDetail */,
				A4009D5828E8006B00E5FFEE /* WeekDetail */,
				A4009D6628E8151200E5FFEE /* ThemeDetail */,
			);
			path = Module;
			sourceTree = "<group>";
		};
		A4009D4628E7F79200E5FFEE /* Network */ = {
			isa = PBXGroup;
			children = (
			);
			path = Network;
			sourceTree = "<group>";
		};
		A4009D4728E7F7BD00E5FFEE /* Modules */ = {
			isa = PBXGroup;
			children = (
				A4009D4928E7F89400E5FFEE /* MainTabView */,
				A4009D4828E7F87500E5FFEE /* Login */,
				A4009D3E28E7F57100E5FFEE /* Profile */,
				A4009D3F28E7F57800E5FFEE /* Module */,
				A4009D3D28E7F3EA00E5FFEE /* Search */,
			);
			path = Modules;
			sourceTree = "<group>";
		};
		A4009D4828E7F87500E5FFEE /* Login */ = {
			isa = PBXGroup;
			children = (
				A4009D4A28E7F8DB00E5FFEE /* LoginView.swift */,
				A4009D4C28E7F96500E5FFEE /* LoginViewModel.swift */,
			);
			path = Login;
			sourceTree = "<group>";
		};
		A4009D4928E7F89400E5FFEE /* MainTabView */ = {
			isa = PBXGroup;
			children = (
				A4009D3128E7F25600E5FFEE /* MainTabView.swift */,
			);
			path = MainTabView;
			sourceTree = "<group>";
		};
		A4009D5428E7FBFA00E5FFEE /* Utilities */ = {
			isa = PBXGroup;
			children = (
			);
			path = Utilities;
			sourceTree = "<group>";
		};
		A4009D5528E7FFEF00E5FFEE /* ModuleDetail */ = {
			isa = PBXGroup;
			children = (
				A4009D6228E812C500E5FFEE /* Helpers */,
				A4009D5628E8000900E5FFEE /* ModuleDetail.swift */,
				A4009D5D28E8011900E5FFEE /* ModuleDetailViewModel.swift */,
			);
			path = ModuleDetail;
			sourceTree = "<group>";
		};
		A4009D5828E8006B00E5FFEE /* WeekDetail */ = {
			isa = PBXGroup;
			children = (
				A4009D6328E8149300E5FFEE /* Helpers */,
				A4009D5928E8009F00E5FFEE /* WeekDetailViewModel.swift */,
				A4009D5B28E800D400E5FFEE /* WeekDetail.swift */,
			);
			path = WeekDetail;
			sourceTree = "<group>";
		};
		A4009D5F28E8023000E5FFEE /* ModuleList */ = {
			isa = PBXGroup;
			children = (
				A4009D4228E7F64F00E5FFEE /* ModuleList.swift */,
				A4009D4E28E7FA0D00E5FFEE /* ModuleListViewModel.swift */,
			);
			path = ModuleList;
			sourceTree = "<group>";
		};
		A4009D6228E812C500E5FFEE /* Helpers */ = {
			isa = PBXGroup;
			children = (
				A4009D6028E8121F00E5FFEE /* ModuleDetailType.swift */,
			);
			path = Helpers;
			sourceTree = "<group>";
		};
		A4009D6328E8149300E5FFEE /* Helpers */ = {
			isa = PBXGroup;
			children = (
				A4009D6428E814A900E5FFEE /* WeekDetailType.swift */,
			);
			path = Helpers;
			sourceTree = "<group>";
		};
		A4009D6628E8151200E5FFEE /* ThemeDetail */ = {
			isa = PBXGroup;
			children = (
				A4009D6728E8195700E5FFEE /* ThemeDetailViewModel.swift */,
				A4009D6928E8199C00E5FFEE /* ThemeDetail.swift */,
			);
			path = ThemeDetail;
			sourceTree = "<group>";
		};
		B17D79DA28E82BA800C7915C /* Extensions */ = {
			isa = PBXGroup;
			children = (
				B17D79DB28E82BA800C7915C /* URLSession+Extension.swift */,
			);
			path = Extensions;
			sourceTree = "<group>";
		};
/* End PBXGroup section */

/* Begin PBXNativeTarget section */
		A4009D2B28E7F25600E5FFEE /* Nerdery */ = {
			isa = PBXNativeTarget;
			buildConfigurationList = A4009D3A28E7F25700E5FFEE /* Build configuration list for PBXNativeTarget "Nerdery" */;
			buildPhases = (
				A4009D2828E7F25600E5FFEE /* Sources */,
				A4009D2928E7F25600E5FFEE /* Frameworks */,
				A4009D2A28E7F25600E5FFEE /* Resources */,
			);
			buildRules = (
			);
			dependencies = (
			);
			name = Nerdery;
			productName = Nerdery;
			productReference = A4009D2C28E7F25600E5FFEE /* Nerdery.app */;
			productType = "com.apple.product-type.application";
		};
/* End PBXNativeTarget section */

/* Begin PBXProject section */
		A4009D2428E7F25600E5FFEE /* Project object */ = {
			isa = PBXProject;
			attributes = {
				BuildIndependentTargetsInParallel = 1;
				LastSwiftUpdateCheck = 1400;
				LastUpgradeCheck = 1400;
				TargetAttributes = {
					A4009D2B28E7F25600E5FFEE = {
						CreatedOnToolsVersion = 14.0;
					};
				};
			};
			buildConfigurationList = A4009D2728E7F25600E5FFEE /* Build configuration list for PBXProject "Nerdery" */;
			compatibilityVersion = "Xcode 14.0";
			developmentRegion = en;
			hasScannedForEncodings = 0;
			knownRegions = (
				en,
				Base,
			);
			mainGroup = A4009D2328E7F25600E5FFEE;
			productRefGroup = A4009D2D28E7F25600E5FFEE /* Products */;
			projectDirPath = "";
			projectRoot = "";
			targets = (
				A4009D2B28E7F25600E5FFEE /* Nerdery */,
			);
		};
/* End PBXProject section */

/* Begin PBXResourcesBuildPhase section */
		A4009D2A28E7F25600E5FFEE /* Resources */ = {
			isa = PBXResourcesBuildPhase;
			buildActionMask = 2147483647;
			files = (
				A4009D3728E7F25700E5FFEE /* Preview Assets.xcassets in Resources */,
				A4009D3428E7F25700E5FFEE /* Assets.xcassets in Resources */,
			);
			runOnlyForDeploymentPostprocessing = 0;
		};
/* End PBXResourcesBuildPhase section */

/* Begin PBXSourcesBuildPhase section */
		A4009D2828E7F25600E5FFEE /* Sources */ = {
			isa = PBXSourcesBuildPhase;
			buildActionMask = 2147483647;
			files = (
				A4009D6828E8195700E5FFEE /* ThemeDetailViewModel.swift in Sources */,
				A4009D4B28E7F8DB00E5FFEE /* LoginView.swift in Sources */,
				A4009D6A28E8199C00E5FFEE /* ThemeDetail.swift in Sources */,
				A4009D4528E7F66400E5FFEE /* SearchView.swift in Sources */,
				A4009D4F28E7FA0D00E5FFEE /* ModuleListViewModel.swift in Sources */,
				A4009D5128E7FB2E00E5FFEE /* ProfileViewModel.swift in Sources */,
				A4009D3228E7F25600E5FFEE /* MainTabView.swift in Sources */,
				A4009D4328E7F64F00E5FFEE /* ModuleList.swift in Sources */,
				A4009D5A28E8009F00E5FFEE /* WeekDetailViewModel.swift in Sources */,
				A4009D5328E7FB3E00E5FFEE /* SearchViewModel.swift in Sources */,
				A4009D6128E8121F00E5FFEE /* ModuleDetailType.swift in Sources */,
				A4009D4128E7F60100E5FFEE /* Profile.swift in Sources */,
				B17D79DC28E82BA800C7915C /* URLSession+Extension.swift in Sources */,
				A4009D6528E814A900E5FFEE /* WeekDetailType.swift in Sources */,
				A4009D3028E7F25600E5FFEE /* NerderyApp.swift in Sources */,
				A4009D4D28E7F96500E5FFEE /* LoginViewModel.swift in Sources */,
				A4009D5C28E800D400E5FFEE /* WeekDetail.swift in Sources */,
				A4009D5E28E8011900E5FFEE /* ModuleDetailViewModel.swift in Sources */,
				A4009D5728E8000900E5FFEE /* ModuleDetail.swift in Sources */,
			);
			runOnlyForDeploymentPostprocessing = 0;
		};
/* End PBXSourcesBuildPhase section */

/* Begin XCBuildConfiguration section */
		A4009D3828E7F25700E5FFEE /* Debug */ = {
			isa = XCBuildConfiguration;
			buildSettings = {
				ALWAYS_SEARCH_USER_PATHS = NO;
				CLANG_ANALYZER_NONNULL = YES;
				CLANG_ANALYZER_NUMBER_OBJECT_CONVERSION = YES_AGGRESSIVE;
				CLANG_CXX_LANGUAGE_STANDARD = "gnu++20";
				CLANG_ENABLE_MODULES = YES;
				CLANG_ENABLE_OBJC_ARC = YES;
				CLANG_ENABLE_OBJC_WEAK = YES;
				CLANG_WARN_BLOCK_CAPTURE_AUTORELEASING = YES;
				CLANG_WARN_BOOL_CONVERSION = YES;
				CLANG_WARN_COMMA = YES;
				CLANG_WARN_CONSTANT_CONVERSION = YES;
				CLANG_WARN_DEPRECATED_OBJC_IMPLEMENTATIONS = YES;
				CLANG_WARN_DIRECT_OBJC_ISA_USAGE = YES_ERROR;
				CLANG_WARN_DOCUMENTATION_COMMENTS = YES;
				CLANG_WARN_EMPTY_BODY = YES;
				CLANG_WARN_ENUM_CONVERSION = YES;
				CLANG_WARN_INFINITE_RECURSION = YES;
				CLANG_WARN_INT_CONVERSION = YES;
				CLANG_WARN_NON_LITERAL_NULL_CONVERSION = YES;
				CLANG_WARN_OBJC_IMPLICIT_RETAIN_SELF = YES;
				CLANG_WARN_OBJC_LITERAL_CONVERSION = YES;
				CLANG_WARN_OBJC_ROOT_CLASS = YES_ERROR;
				CLANG_WARN_QUOTED_INCLUDE_IN_FRAMEWORK_HEADER = YES;
				CLANG_WARN_RANGE_LOOP_ANALYSIS = YES;
				CLANG_WARN_STRICT_PROTOTYPES = YES;
				CLANG_WARN_SUSPICIOUS_MOVE = YES;
				CLANG_WARN_UNGUARDED_AVAILABILITY = YES_AGGRESSIVE;
				CLANG_WARN_UNREACHABLE_CODE = YES;
				CLANG_WARN__DUPLICATE_METHOD_MATCH = YES;
				COPY_PHASE_STRIP = NO;
				DEBUG_INFORMATION_FORMAT = dwarf;
				ENABLE_STRICT_OBJC_MSGSEND = YES;
				ENABLE_TESTABILITY = YES;
				GCC_C_LANGUAGE_STANDARD = gnu11;
				GCC_DYNAMIC_NO_PIC = NO;
				GCC_NO_COMMON_BLOCKS = YES;
				GCC_OPTIMIZATION_LEVEL = 0;
				GCC_PREPROCESSOR_DEFINITIONS = (
					"DEBUG=1",
					"$(inherited)",
				);
				GCC_WARN_64_TO_32_BIT_CONVERSION = YES;
				GCC_WARN_ABOUT_RETURN_TYPE = YES_ERROR;
				GCC_WARN_UNDECLARED_SELECTOR = YES;
				GCC_WARN_UNINITIALIZED_AUTOS = YES_AGGRESSIVE;
				GCC_WARN_UNUSED_FUNCTION = YES;
				GCC_WARN_UNUSED_VARIABLE = YES;
				IPHONEOS_DEPLOYMENT_TARGET = 16.0;
				MTL_ENABLE_DEBUG_INFO = INCLUDE_SOURCE;
				MTL_FAST_MATH = YES;
				ONLY_ACTIVE_ARCH = YES;
				SDKROOT = iphoneos;
				SWIFT_ACTIVE_COMPILATION_CONDITIONS = DEBUG;
				SWIFT_OPTIMIZATION_LEVEL = "-Onone";
			};
			name = Debug;
		};
		A4009D3928E7F25700E5FFEE /* Release */ = {
			isa = XCBuildConfiguration;
			buildSettings = {
				ALWAYS_SEARCH_USER_PATHS = NO;
				CLANG_ANALYZER_NONNULL = YES;
				CLANG_ANALYZER_NUMBER_OBJECT_CONVERSION = YES_AGGRESSIVE;
				CLANG_CXX_LANGUAGE_STANDARD = "gnu++20";
				CLANG_ENABLE_MODULES = YES;
				CLANG_ENABLE_OBJC_ARC = YES;
				CLANG_ENABLE_OBJC_WEAK = YES;
				CLANG_WARN_BLOCK_CAPTURE_AUTORELEASING = YES;
				CLANG_WARN_BOOL_CONVERSION = YES;
				CLANG_WARN_COMMA = YES;
				CLANG_WARN_CONSTANT_CONVERSION = YES;
				CLANG_WARN_DEPRECATED_OBJC_IMPLEMENTATIONS = YES;
				CLANG_WARN_DIRECT_OBJC_ISA_USAGE = YES_ERROR;
				CLANG_WARN_DOCUMENTATION_COMMENTS = YES;
				CLANG_WARN_EMPTY_BODY = YES;
				CLANG_WARN_ENUM_CONVERSION = YES;
				CLANG_WARN_INFINITE_RECURSION = YES;
				CLANG_WARN_INT_CONVERSION = YES;
				CLANG_WARN_NON_LITERAL_NULL_CONVERSION = YES;
				CLANG_WARN_OBJC_IMPLICIT_RETAIN_SELF = YES;
				CLANG_WARN_OBJC_LITERAL_CONVERSION = YES;
				CLANG_WARN_OBJC_ROOT_CLASS = YES_ERROR;
				CLANG_WARN_QUOTED_INCLUDE_IN_FRAMEWORK_HEADER = YES;
				CLANG_WARN_RANGE_LOOP_ANALYSIS = YES;
				CLANG_WARN_STRICT_PROTOTYPES = YES;
				CLANG_WARN_SUSPICIOUS_MOVE = YES;
				CLANG_WARN_UNGUARDED_AVAILABILITY = YES_AGGRESSIVE;
				CLANG_WARN_UNREACHABLE_CODE = YES;
				CLANG_WARN__DUPLICATE_METHOD_MATCH = YES;
				COPY_PHASE_STRIP = NO;
				DEBUG_INFORMATION_FORMAT = "dwarf-with-dsym";
				ENABLE_NS_ASSERTIONS = NO;
				ENABLE_STRICT_OBJC_MSGSEND = YES;
				GCC_C_LANGUAGE_STANDARD = gnu11;
				GCC_NO_COMMON_BLOCKS = YES;
				GCC_WARN_64_TO_32_BIT_CONVERSION = YES;
				GCC_WARN_ABOUT_RETURN_TYPE = YES_ERROR;
				GCC_WARN_UNDECLARED_SELECTOR = YES;
				GCC_WARN_UNINITIALIZED_AUTOS = YES_AGGRESSIVE;
				GCC_WARN_UNUSED_FUNCTION = YES;
				GCC_WARN_UNUSED_VARIABLE = YES;
				IPHONEOS_DEPLOYMENT_TARGET = 16.0;
				MTL_ENABLE_DEBUG_INFO = NO;
				MTL_FAST_MATH = YES;
				SDKROOT = iphoneos;
				SWIFT_COMPILATION_MODE = wholemodule;
				SWIFT_OPTIMIZATION_LEVEL = "-O";
				VALIDATE_PRODUCT = YES;
			};
			name = Release;
		};
		A4009D3B28E7F25700E5FFEE /* Debug */ = {
			isa = XCBuildConfiguration;
			buildSettings = {
				ASSETCATALOG_COMPILER_APPICON_NAME = AppIcon;
				ASSETCATALOG_COMPILER_GLOBAL_ACCENT_COLOR_NAME = AccentColor;
				CODE_SIGN_STYLE = Automatic;
				CURRENT_PROJECT_VERSION = 1;
				DEVELOPMENT_ASSET_PATHS = "\"Nerdery/Preview Content\"";
				DEVELOPMENT_TEAM = 8SCV9QJZC8;
				ENABLE_PREVIEWS = YES;
				GENERATE_INFOPLIST_FILE = YES;
				INFOPLIST_KEY_UIApplicationSceneManifest_Generation = YES;
				INFOPLIST_KEY_UIApplicationSupportsIndirectInputEvents = YES;
				INFOPLIST_KEY_UILaunchScreen_Generation = YES;
				INFOPLIST_KEY_UISupportedInterfaceOrientations_iPad = "UIInterfaceOrientationPortrait UIInterfaceOrientationPortraitUpsideDown UIInterfaceOrientationLandscapeLeft UIInterfaceOrientationLandscapeRight";
				INFOPLIST_KEY_UISupportedInterfaceOrientations_iPhone = "UIInterfaceOrientationPortrait UIInterfaceOrientationLandscapeLeft UIInterfaceOrientationLandscapeRight";
				IPHONEOS_DEPLOYMENT_TARGET = 16.0;
				LD_RUNPATH_SEARCH_PATHS = (
					"$(inherited)",
					"@executable_path/Frameworks",
				);
				MARKETING_VERSION = 1.0;
				PRODUCT_BUNDLE_IDENTIFIER = ravn.Nerdery;
				PRODUCT_NAME = "$(TARGET_NAME)";
				SWIFT_EMIT_LOC_STRINGS = YES;
				SWIFT_VERSION = 5.0;
				TARGETED_DEVICE_FAMILY = "1,2";
			};
			name = Debug;
		};
		A4009D3C28E7F25700E5FFEE /* Release */ = {
			isa = XCBuildConfiguration;
			buildSettings = {
				ASSETCATALOG_COMPILER_APPICON_NAME = AppIcon;
				ASSETCATALOG_COMPILER_GLOBAL_ACCENT_COLOR_NAME = AccentColor;
				CODE_SIGN_STYLE = Automatic;
				CURRENT_PROJECT_VERSION = 1;
				DEVELOPMENT_ASSET_PATHS = "\"Nerdery/Preview Content\"";
				DEVELOPMENT_TEAM = 8SCV9QJZC8;
				ENABLE_PREVIEWS = YES;
				GENERATE_INFOPLIST_FILE = YES;
				INFOPLIST_KEY_UIApplicationSceneManifest_Generation = YES;
				INFOPLIST_KEY_UIApplicationSupportsIndirectInputEvents = YES;
				INFOPLIST_KEY_UILaunchScreen_Generation = YES;
				INFOPLIST_KEY_UISupportedInterfaceOrientations_iPad = "UIInterfaceOrientationPortrait UIInterfaceOrientationPortraitUpsideDown UIInterfaceOrientationLandscapeLeft UIInterfaceOrientationLandscapeRight";
				INFOPLIST_KEY_UISupportedInterfaceOrientations_iPhone = "UIInterfaceOrientationPortrait UIInterfaceOrientationLandscapeLeft UIInterfaceOrientationLandscapeRight";
				IPHONEOS_DEPLOYMENT_TARGET = 16.0;
				LD_RUNPATH_SEARCH_PATHS = (
					"$(inherited)",
					"@executable_path/Frameworks",
				);
				MARKETING_VERSION = 1.0;
				PRODUCT_BUNDLE_IDENTIFIER = ravn.Nerdery;
				PRODUCT_NAME = "$(TARGET_NAME)";
				SWIFT_EMIT_LOC_STRINGS = YES;
				SWIFT_VERSION = 5.0;
				TARGETED_DEVICE_FAMILY = "1,2";
			};
			name = Release;
		};
/* End XCBuildConfiguration section */

/* Begin XCConfigurationList section */
		A4009D2728E7F25600E5FFEE /* Build configuration list for PBXProject "Nerdery" */ = {
			isa = XCConfigurationList;
			buildConfigurations = (
				A4009D3828E7F25700E5FFEE /* Debug */,
				A4009D3928E7F25700E5FFEE /* Release */,
			);
			defaultConfigurationIsVisible = 0;
			defaultConfigurationName = Release;
		};
		A4009D3A28E7F25700E5FFEE /* Build configuration list for PBXNativeTarget "Nerdery" */ = {
			isa = XCConfigurationList;
			buildConfigurations = (
				A4009D3B28E7F25700E5FFEE /* Debug */,
				A4009D3C28E7F25700E5FFEE /* Release */,
			);
			defaultConfigurationIsVisible = 0;
			defaultConfigurationName = Release;
		};
/* End XCConfigurationList section */
	};
	rootObject = A4009D2428E7F25600E5FFEE /* Project object */;
}
